
Microsoft Visual Studio Solution File, Format Version 12.00
# Visual Studio 15
VisualStudioVersion = 15.0.27130.2010
MinimumVisualStudioVersion = 10.0.40219.1
Project("{8BC9CEB8-8B4A-11D0-8D11-00A0C91BC942}") = "图的生成及欧拉回路的确定", "图的生成及欧拉回路的确定\图的生成及欧拉回路的确定.vcxproj", "{99D983A4-1806-4485-8423-9426AFCC4D1D}"
EndProject
Global
	GlobalSection(SolutionConfigurationPlatforms) = preSolution
		Debug|x64 = Debug|x64
		Debug|x86 = Debug|x86
		Release|x64 = Release|x64
		Release|x86 = Release|x86
	EndGlobalSection
	GlobalSection(ProjectConfigurationPlatforms) = postSolution
		{99D983A4-1806-4485-8423-9426AFCC4D1D}.Debug|x64.ActiveCfg = Debug|x64
		{99D983A4-1806-4485-8423-9426AFCC4D1D}.Debug|x64.Build.0 = Debug|x64
		{99D983A4-1806-4485-8423-9426AFCC4D1D}.Debug|x86.ActiveCfg = Debug|Win32
		{99D983A4-1806-4485-8423-9426AFCC4D1D}.Debug|x86.Build.0 = Debug|Win32
		{99D983A4-1806-4485-8423-9426AFCC4D1D}.Release|x64.ActiveCfg = Release|x64
		{99D983A4-1806-4485-8423-9426AFCC4D1D}.Release|x64.Build.0 = Release|x64
		{99D983A4-1806-4485-8423-9426AFCC4D1D}.Release|x86.ActiveCfg = Release|Win32
		{99D983A4-1806-4485-8423-9426AFCC4D1D}.Release|x86.Build.0 = Release|Win32
	EndGlobalSection
	GlobalSection(SolutionProperties) = preSolution
		HideSolutionNode = FALSE
	EndGlobalSection
	GlobalSection(ExtensibilityGlobals) = postSolution
		SolutionGuid = {C74EBBCE-D9FD-4DAA-BE6F-421B9AAE421E}
	EndGlobalSection
EndGlobal
